
Microsoft Visual Studio Solution File, Format Version 12.00
Project("{FAE04EC0-301F-11D3-BF4B-00C04F79EFBC}") = "PhanSo", "PhanSo\PhanSo.csproj", "{5DF9275F-A8F6-4948-94A3-FBEB40414C8D}"
EndProject
Global
	GlobalSection(SolutionConfigurationPlatforms) = preSolution
		Debug|Any CPU = Debug|Any CPU
		Release|Any CPU = Release|Any CPU
	EndGlobalSection
	GlobalSection(ProjectConfigurationPlatforms) = postSolution
		{5DF9275F-A8F6-4948-94A3-FBEB40414C8D}.Debug|Any CPU.ActiveCfg = Debug|Any CPU
		{5DF9275F-A8F6-4948-94A3-FBEB40414C8D}.Debug|Any CPU.Build.0 = Debug|Any CPU
		{5DF9275F-A8F6-4948-94A3-FBEB40414C8D}.Release|Any CPU.ActiveCfg = Release|Any CPU
		{5DF9275F-A8F6-4948-94A3-FBEB40414C8D}.Release|Any CPU.Build.0 = Release|Any CPU
	EndGlobalSection
EndGlobal
