
Microsoft Visual Studio Solution File, Format Version 12.00
Project("{FAE04EC0-301F-11D3-BF4B-00C04F79EFBC}") = "Bai2_2", "Bai2_2\Bai2_2.csproj", "{592A8709-B656-432B-8DE6-8D2747AFE482}"
EndProject
Global
	GlobalSection(SolutionConfigurationPlatforms) = preSolution
		Debug|Any CPU = Debug|Any CPU
		Release|Any CPU = Release|Any CPU
	EndGlobalSection
	GlobalSection(ProjectConfigurationPlatforms) = postSolution
		{592A8709-B656-432B-8DE6-8D2747AFE482}.Debug|Any CPU.ActiveCfg = Debug|Any CPU
		{592A8709-B656-432B-8DE6-8D2747AFE482}.Debug|Any CPU.Build.0 = Debug|Any CPU
		{592A8709-B656-432B-8DE6-8D2747AFE482}.Release|Any CPU.ActiveCfg = Release|Any CPU
		{592A8709-B656-432B-8DE6-8D2747AFE482}.Release|Any CPU.Build.0 = Release|Any CPU
	EndGlobalSection
EndGlobal
